# THIS IS AN AUTOGENERATED FILE. DO NOT EDIT THIS FILE DIRECTLY.
# yarn lockfile v1


graphai@^0.4.0:
  version "0.4.0"
  resolved "https://registry.yarnpkg.com/graphai/-/graphai-0.4.0.tgz#0062b9fde7f9bd6e9601da37ae5df9f9461106da"
  integrity sha512-7qREYXuFEPPznBPeGEnZfIaXAsee8ZyzUYE78wpTa5qDzfWaF5egOEgl6lafpsXJ9PQBTPkbiw0L0HyZnrVjcA==
